// !$*UTF8*$!
{
	archiveVersion = 1;
	classes = {
	};
	objectVersion = 46;
	objects = {

/* Begin PBXBuildFile section */
		122037D41BD6C0AD00332339 /* main.m in Sources */ = {isa = PBXBuildFile; fileRef = 122037D31BD6C0AD00332339 /* main.m */; };
		12DFD63E1C9092DB00856146 /* Animal.m in Sources */ = {isa = PBXBuildFile; fileRef = 12DFD63D1C9092DB00856146 /* Animal.m */; };
		12DFD6411C90961E00856146 /* Bird.m in Sources */ = {isa = PBXBuildFile; fileRef = 12DFD6401C90961E00856146 /* Bird.m */; };
/* End PBXBuildFile section */

/* Begin PBXCopyFilesBuildPhase section */
		122037CE1BD6C0AD00332339 /* CopyFiles */ = {
			isa = PBXCopyFilesBuildPhase;
			buildActionMask = 2147483647;
			dstPath = /usr/share/man/man1/;
			dstSubfolderSpec = 0;
			files = (
			);
			runOnlyForDeploymentPostprocessing = 1;
		};
/* End PBXCopyFilesBuildPhase section */

/* Begin PBXFileReference section */
		122037D01BD6C0AD00332339 /* W1D3 - OOP */ = {isa = PBXFileReference; explicitFileType = "compiled.mach-o.executable"; includeInIndex = 0; path = "W1D3 - OOP"; sourceTree = BUILT_PRODUCTS_DIR; };
		122037D31BD6C0AD00332339 /* main.m */ = {isa = PBXFileReference; lastKnownFileType = sourcecode.c.objc; path = main.m; sourceTree = "<group>"; };
		12DFD63C1C9092DB00856146 /* Animal.h */ = {isa = PBXFileReference; fileEncoding = 4; lastKnownFileType = sourcecode.c.h; path = Animal.h; sourceTree = "<group>"; };
		12DFD63D1C9092DB00856146 /* Animal.m */ = {isa = PBXFileReference; fileEncoding = 4; lastKnownFileType = sourcecode.c.objc; path = Animal.m; sourceTree = "<group>"; };
		12DFD63F1C90961E00856146 /* Bird.h */ = {isa = PBXFileReference; fileEncoding = 4; lastKnownFileType = sourcecode.c.h; path = Bird.h; sourceTree = "<group>"; };
		12DFD6401C90961E00856146 /* Bird.m */ = {isa = PBXFileReference; fileEncoding = 4; lastKnownFileType = sourcecode.c.objc; path = Bird.m; sourceTree = "<group>"; };
/* End PBXFileReference section */

/* Begin PBXFrameworksBuildPhase section */
		122037CD1BD6C0AD00332339 /* Frameworks */ = {
			isa = PBXFrameworksBuildPhase;
			buildActionMask = 2147483647;
			files = (
			);
			runOnlyForDeploymentPostprocessing = 0;
		};
/* End PBXFrameworksBuildPhase section */

/* Begin PBXGroup section */
		122037C71BD6C0AD00332339 = {
			isa = PBXGroup;
			children = (
				122037D21BD6C0AD00332339 /* W1D3 - OOP */,
				122037D11BD6C0AD00332339 /* Products */,
			);
			sourceTree = "<group>";
		};
		122037D11BD6C0AD00332339 /* Products */ = {
			isa = PBXGroup;
			children = (
				122037D01BD6C0AD00332339 /* W1D3 - OOP */,
			);
			name = Products;
			sourceTree = "<group>";
		};
		122037D21BD6C0AD00332339 /* W1D3 - OOP */ = {
			isa = PBXGroup;
			children = (
				122037D31BD6C0AD00332339 /* main.m */,
				12DFD63F1C90961E00856146 /* Bird.h */,
				12DFD6401C90961E00856146 /* Bird.m */,
				12DFD63C1C9092DB00856146 /* Animal.h */,
				12DFD63D1C9092DB00856146 /* Animal.m */,
			);
			path = "W1D3 - OOP";
			sourceTree = "<group>";
		};
/* End PBXGroup section */

/* Begin PBXNativeTarget section */
		122037CF1BD6C0AD00332339 /* W1D3 - OOP */ = {
			isa = PBXNativeTarget;
			buildConfigurationList = 122037D71BD6C0AD00332339 /* Build configuration list for PBXNativeTarget "W1D3 - OOP" */;
			buildPhases = (
				122037CC1BD6C0AD00332339 /* Sources */,
				122037CD1BD6C0AD00332339 /* Frameworks */,
				122037CE1BD6C0AD00332339 /* CopyFiles */,
			);
			buildRules = (
			);
			dependencies = (
			);
			name = "W1D3 - OOP";
			productName = "W1D3 - OOP";
			productReference = 122037D01BD6C0AD00332339 /* W1D3 - OOP */;
			productType = "com.apple.product-type.tool";
		};
/* End PBXNativeTarget section */

/* Begin PBXProject section */
		122037C81BD6C0AD00332339 /* Project object */ = {
			isa = PBXProject;
			attributes = {
				LastUpgradeCheck = 0700;
				ORGANIZATIONNAME = "Daniel Mathews";
				TargetAttributes = {
					122037CF1BD6C0AD00332339 = {
						CreatedOnToolsVersion = 7.0.1;
					};
				};
			};
			buildConfigurationList = 122037CB1BD6C0AD00332339 /* Build configuration list for PBXProject "W1D3 - OOP" */;
			compatibilityVersion = "Xcode 3.2";
			developmentRegion = English;
			hasScannedForEncodings = 0;
			knownRegions = (
				en,
			);
			mainGroup = 122037C71BD6C0AD00332339;
			productRefGroup = 122037D11BD6C0AD00332339 /* Products */;
			projectDirPath = "";
			projectRoot = "";
			targets = (
				122037CF1BD6C0AD00332339 /* W1D3 - OOP */,
			);
		};
/* End PBXProject section */

/* Begin PBXSourcesBuildPhase section */
		122037CC1BD6C0AD00332339 /* Sources */ = {
			isa = PBXSourcesBuildPhase;
			buildActionMask = 2147483647;
			files = (
				122037D41BD6C0AD00332339 /* main.m in Sources */,
				12DFD63E1C9092DB00856146 /* Animal.m in Sources */,
				12DFD6411C90961E00856146 /* Bird.m in Sources */,
			);
			runOnlyForDeploymentPostprocessing = 0;
		};
/* End PBXSourcesBuildPhase section */

/* Begin XCBuildConfiguration section */
		122037D51BD6C0AD00332339 /* Debug */ = {
			isa = XCBuildConfiguration;
			buildSettings = {
				ALWAYS_SEARCH_USER_PATHS = NO;
				CLANG_CXX_LANGUAGE_STANDARD = "gnu++0x";
				CLANG_CXX_LIBRARY = "libc++";
				CLANG_ENABLE_MODULES = YES;
				CLANG_ENABLE_OBJC_ARC = YES;
				CLANG_WARN_BOOL_CONVERSION = YES;
				CLANG_WARN_CONSTANT_CONVERSION = YES;
				CLANG_WARN_DIRECT_OBJC_ISA_USAGE = YES_ERROR;
				CLANG_WARN_EMPTY_BODY = YES;
				CLANG_WARN_ENUM_CONVERSION = YES;
				CLANG_WARN_INT_CONVERSION = YES;
				CLANG_WARN_OBJC_ROOT_CLASS = YES_ERROR;
				CLANG_WARN_UNREACHABLE_CODE = YES;
				CLANG_WARN__DUPLICATE_METHOD_MATCH = YES;
				COPY_PHASE_STRIP = NO;
				DEBUG_INFORMATION_FORMAT = dwarf;
				ENABLE_STRICT_OBJC_MSGSEND = YES;
				ENABLE_TESTABILITY = YES;
				GCC_C_LANGUAGE_STANDARD = gnu99;
				GCC_DYNAMIC_NO_PIC = NO;
				GCC_NO_COMMON_BLOCKS = YES;
				GCC_OPTIMIZATION_LEVEL = 0;
				GCC_PREPROCESSOR_DEFINITIONS = (
					"DEBUG=1",
					"$(inherited)",
				);
				GCC_WARN_64_TO_32_BIT_CONVERSION = YES;
				GCC_WARN_ABOUT_RETURN_TYPE = YES_ERROR;
				GCC_WARN_UNDECLARED_SELECTOR = YES;
				GCC_WARN_UNINITIALIZED_AUTOS = YES_AGGRESSIVE;
				GCC_WARN_UNUSED_FUNCTION = YES;
				GCC_WARN_UNUSED_VARIABLE = YES;
				MACOSX_DEPLOYMENT_TARGET = 10.11;
				MTL_ENABLE_DEBUG_INFO = YES;
				ONLY_ACTIVE_ARCH = YES;
				SDKROOT = macosx;
			};
			name = Debug;
		};
		122037D61BD6C0AD00332339 /* Release */ = {
			isa = XCBuildConfiguration;
			buildSettings = {
				ALWAYS_SEARCH_USER_PATHS = NO;
				CLANG_CXX_LANGUAGE_STANDARD = "gnu++0x";
				CLANG_CXX_LIBRARY = "libc++";
				CLANG_ENABLE_MODULES = YES;
				CLANG_ENABLE_OBJC_ARC = YES;
				CLANG_WARN_BOOL_CONVERSION = YES;
				CLANG_WARN_CONSTANT_CONVERSION = YES;
				CLANG_WARN_DIRECT_OBJC_ISA_USAGE = YES_ERROR;
				CLANG_WARN_EMPTY_BODY = YES;
				CLANG_WARN_ENUM_CONVERSION = YES;
				CLANG_WARN_INT_CONVERSION = YES;
				CLANG_WARN_OBJC_ROOT_CLASS = YES_ERROR;
				CLANG_WARN_UNREACHABLE_CODE = YES;
				CLANG_WARN__DUPLICATE_METHOD_MATCH = YES;
				COPY_PHASE_STRIP = NO;
				DEBUG_INFORMATION_FORMAT = "dwarf-with-dsym";
				ENABLE_NS_ASSERTIONS = NO;
				ENABLE_STRICT_OBJC_MSGSEND = YES;
				GCC_C_LANGUAGE_STANDARD = gnu99;
				GCC_NO_COMMON_BLOCKS = YES;
				GCC_WARN_64_TO_32_BIT_CONVERSION = YES;
				GCC_WARN_ABOUT_RETURN_TYPE = YES_ERROR;
				GCC_WARN_UNDECLARED_SELECTOR = YES;
				GCC_WARN_UNINITIALIZED_AUTOS = YES_AGGRESSIVE;
				GCC_WARN_UNUSED_FUNCTION = YES;
				GCC_WARN_UNUSED_VARIABLE = YES;
				MACOSX_DEPLOYMENT_TARGET = 10.11;
				MTL_ENABLE_DEBUG_INFO = NO;
				SDKROOT = macosx;
			};
			name = Release;
		};
		122037D81BD6C0AD00332339 /* Debug */ = {
			isa = XCBuildConfiguration;
			buildSettings = {
				PRODUCT_NAME = "$(TARGET_NAME)";
			};
			name = Debug;
		};
		122037D91BD6C0AD00332339 /* Release */ = {
			isa = XCBuildConfiguration;
			buildSettings = {
				PRODUCT_NAME = "$(TARGET_NAME)";
			};
			name = Release;
		};
/* End XCBuildConfiguration section */

/* Begin XCConfigurationList section */
		122037CB1BD6C0AD00332339 /* Build configuration list for PBXProject "W1D3 - OOP" */ = {
			isa = XCConfigurationList;
			buildConfigurations = (
				122037D51BD6C0AD00332339 /* Debug */,
				122037D61BD6C0AD00332339 /* Release */,
			);
			defaultConfigurationIsVisible = 0;
			defaultConfigurationName = Release;
		};
		122037D71BD6C0AD00332339 /* Build configuration list for PBXNativeTarget "W1D3 - OOP" */ = {
			isa = XCConfigurationList;
			buildConfigurations = (
				122037D81BD6C0AD00332339 /* Debug */,
				122037D91BD6C0AD00332339 /* Release */,
			);
			defaultConfigurationIsVisible = 0;
			defaultConfigurationName = Release;
		};
/* End XCConfigurationList section */
	};
	rootObject = 122037C81BD6C0AD00332339 /* Project object */;
}
